
Microsoft Visual Studio Solution File, Format Version 12.00
# Visual Studio Version 17
VisualStudioVersion = 17.11.35222.181
MinimumVisualStudioVersion = 10.0.40219.1
Project("{FAE04EC0-301F-11D3-BF4B-00C04F79EFBC}") = "SanyaCards", "SanyaCards\SanyaCards.csproj", "{3799FC76-E99C-4E13-9805-99AD1B3EC293}"
EndProject
Global
	GlobalSection(SolutionConfigurationPlatforms) = preSolution
		Debug|Any CPU = Debug|Any CPU
		Release|Any CPU = Release|Any CPU
	EndGlobalSection
	GlobalSection(ProjectConfigurationPlatforms) = postSolution
		{3799FC76-E99C-4E13-9805-99AD1B3EC293}.Debug|Any CPU.ActiveCfg = Debug|Any CPU
		{3799FC76-E99C-4E13-9805-99AD1B3EC293}.Debug|Any CPU.Build.0 = Debug|Any CPU
		{3799FC76-E99C-4E13-9805-99AD1B3EC293}.Release|Any CPU.ActiveCfg = Release|Any CPU
		{3799FC76-E99C-4E13-9805-99AD1B3EC293}.Release|Any CPU.Build.0 = Release|Any CPU
	EndGlobalSection
	GlobalSection(SolutionProperties) = preSolution
		HideSolutionNode = FALSE
	EndGlobalSection
	GlobalSection(ExtensibilityGlobals) = postSolution
		SolutionGuid = {61FFAF60-F9E0-4316-A083-CD7027EDA5DB}
	EndGlobalSection
EndGlobal
